
Microsoft Visual Studio Solution File, Format Version 12.00
# Visual Studio Version 17
VisualStudioVersion = 17.3.32922.545
MinimumVisualStudioVersion = 10.0.40219.1
Project("{9A19103F-16F7-4668-BE54-9A1E7A4F7556}") = "databasConstruction", "databasConstruction.csproj", "{4A92F464-7712-4B84-9C3F-B8C9E21510F3}"
EndProject
Global
	GlobalSection(SolutionConfigurationPlatforms) = preSolution
		Debug|Any CPU = Debug|Any CPU
		Release|Any CPU = Release|Any CPU
	EndGlobalSection
	GlobalSection(ProjectConfigurationPlatforms) = postSolution
		{4A92F464-7712-4B84-9C3F-B8C9E21510F3}.Debug|Any CPU.ActiveCfg = Debug|Any CPU
		{4A92F464-7712-4B84-9C3F-B8C9E21510F3}.Debug|Any CPU.Build.0 = Debug|Any CPU
		{4A92F464-7712-4B84-9C3F-B8C9E21510F3}.Release|Any CPU.ActiveCfg = Release|Any CPU
		{4A92F464-7712-4B84-9C3F-B8C9E21510F3}.Release|Any CPU.Build.0 = Release|Any CPU
	EndGlobalSection
	GlobalSection(SolutionProperties) = preSolution
		HideSolutionNode = FALSE
	EndGlobalSection
	GlobalSection(ExtensibilityGlobals) = postSolution
		SolutionGuid = {FD96ECE9-E607-430B-8DD7-AD5FA9999AF5}
	EndGlobalSection
EndGlobal
